// !$*UTF8*$!
{
	archiveVersion = 1;
	classes = {
	};
	objectVersion = 77;
	objects = {

/* Begin PBXBuildFile section */
		0288B79A2BDF52DAA94940F9 /* FusingView.swift in Sources */ = {isa = PBXBuildFile; fileRef = B4D5D316E946BB752DE028F5 /* FusingView.swift */; };
		066055BB40E9DC456B0B305C /* manifest.json in Resources */ = {isa = PBXBuildFile; fileRef = BAF8A6073EB641D5AE74CF9B /* manifest.json */; };
		0870EFF1E4979572587DD4AE /* OpenAIClient.swift in Sources */ = {isa = PBXBuildFile; fileRef = B5F21992A3B2F7B9ADF64CC2 /* OpenAIClient.swift */; };
		08A413DF1A6F7F00FF9E9654 /* SafariWebExtensionHandler.swift in Sources */ = {isa = PBXBuildFile; fileRef = 86834D4CC7ED7D98DFABCE78 /* SafariWebExtensionHandler.swift */; };
		0F1FEE97B4BB0E51D492DC1C /* DemoScenarios+More.swift in Sources */ = {isa = PBXBuildFile; fileRef = AAD2B26D5D65846096577449 /* DemoScenarios+More.swift */; };
		0F74D642F1AB9E1591CE6DC9 /* PhotoSurface.swift in Sources */ = {isa = PBXBuildFile; fileRef = 1F04D9D81D4E2241C4753B03 /* PhotoSurface.swift */; };
		0FBC42C2D1C8A74F0DB72FA6 /* FuseShare.appex in Embed Foundation Extensions */ = {isa = PBXBuildFile; fileRef = 99913AA3B904BDB6BDB4F44A /* FuseShare.appex */; settings = {ATTRIBUTES = (RemoveHeadersOnCopy, ); }; };
		10F2771E023DC6CD9E56EE6B /* LatestScreenshot.swift in Sources */ = {isa = PBXBuildFile; fileRef = 37CE0ECFA6E2AA7A24478E11 /* LatestScreenshot.swift */; };
		1234C6929E679C96DAD9F61D /* HistoryStore.swift in Sources */ = {isa = PBXBuildFile; fileRef = 7479034F6DF0BD2AFC50953B /* HistoryStore.swift */; };
		123E1880C6287F6812ECE7FC /* CalendarSurface.swift in Sources */ = {isa = PBXBuildFile; fileRef = B8890F79D1D500CEC7138381 /* CalendarSurface.swift */; };
		14688273ABF755C546BA2A46 /* Prompts.swift in Sources */ = {isa = PBXBuildFile; fileRef = B96FB3CEBEA8BCB3CBB1BAC7 /* Prompts.swift */; };
		16715747B756ECE431C6EE47 /* ShareSheet.swift in Sources */ = {isa = PBXBuildFile; fileRef = 592475C81E20B9AB0021F610 /* ShareSheet.swift */; };
		17799CB6D0633ACB0EFB835B /* FuseJobStore.swift in Sources */ = {isa = PBXBuildFile; fileRef = F06AA59AFF1FD083BAC71EBA /* FuseJobStore.swift */; };
		197E28018EF9FEC3EE876A7B /* icon-128.png in Resources */ = {isa = PBXBuildFile; fileRef = 781E53527787E86A86608258 /* icon-128.png */; };
		222D5F5471661BBD908BC9BB /* ItineraryArtifactView.swift in Sources */ = {isa = PBXBuildFile; fileRef = 8ACFDBC701F2B6DD6A4053F8 /* ItineraryArtifactView.swift */; };
		280A0A643A5DA74CEEF56B8A /* SurfaceTypes.swift in Sources */ = {isa = PBXBuildFile; fileRef = 365CCABBB3207316B3115426 /* SurfaceTypes.swift */; };
		2D34522F60488A2AE8D0DDFF /* popup.html in Resources */ = {isa = PBXBuildFile; fileRef = 443C12327C984763280C1B4C /* popup.html */; };
		2EEFDDEBAF9754CACFFFB76C /* RevenueCatService.swift in Sources */ = {isa = PBXBuildFile; fileRef = AE62A7AEEFD3C2E05FFFDA7E /* RevenueCatService.swift */; };
		3703BC5B794260B0FCE97D4B /* ClipboardSurface.swift in Sources */ = {isa = PBXBuildFile; fileRef = 25F3A57732F2863C6C5EAB99 /* ClipboardSurface.swift */; };
		38DDF1A9ED543B3CA100656C /* Surface.swift in Sources */ = {isa = PBXBuildFile; fileRef = 374971D815B08305983A98CB /* Surface.swift */; };
		3AF80790E8E19717CEAA5D57 /* FloatingOrb.swift in Sources */ = {isa = PBXBuildFile; fileRef = DCD65D21A7A605C85BB42F5A /* FloatingOrb.swift */; };
		42F8BD4F53922E425B35C18E /* MapSurface.swift in Sources */ = {isa = PBXBuildFile; fileRef = 09F598AFEFBB1770E6F25448 /* MapSurface.swift */; };
		47312F131E7AC22CE95156F9 /* AppConfig.swift in Sources */ = {isa = PBXBuildFile; fileRef = B785C50FC5581888F169631C /* AppConfig.swift */; };
		4B8871E447B2A56DD370C0DA /* FuseResult.swift in Sources */ = {isa = PBXBuildFile; fileRef = BA7685485CC1C56D10C1F564 /* FuseResult.swift */; };
		4C37A37D54D007AFE3CD459F /* content.js in Resources */ = {isa = PBXBuildFile; fileRef = C98B8BC832C92042C6647E0D /* content.js */; };
		4F9817786F7A6C56F5BBB867 /* FuseCommandFlag.swift in Sources */ = {isa = PBXBuildFile; fileRef = 593F9962BA873D3A45E74A41 /* FuseCommandFlag.swift */; };
		5AA9E7A274BDCF3551F5F7FC /* FuseApp.swift in Sources */ = {isa = PBXBuildFile; fileRef = DD209E558F7487BD279B76CC /* FuseApp.swift */; };
		5B987A8E03CD8F9F04660FBB /* FuseCommandFlag.swift in Sources */ = {isa = PBXBuildFile; fileRef = 593F9962BA873D3A45E74A41 /* FuseCommandFlag.swift */; };
		63609EF6A4D33BEC6943A627 /* ResultSupport.swift in Sources */ = {isa = PBXBuildFile; fileRef = B64B459DA992D1CBFB50AA12 /* ResultSupport.swift */; };
		66B01FA67D4D3A110DD53633 /* FuseControls.swift in Sources */ = {isa = PBXBuildFile; fileRef = D8DA481189DE251B57577A67 /* FuseControls.swift */; };
		6AD0E2222D250EAE235210EB /* SharedInbox.swift in Sources */ = {isa = PBXBuildFile; fileRef = F6DFB370968DD1AD9C73C92C /* SharedInbox.swift */; };
		6BF70E5562570C4E6E7DBE36 /* SharedInbox.swift in Sources */ = {isa = PBXBuildFile; fileRef = F6DFB370968DD1AD9C73C92C /* SharedInbox.swift */; };
		726546800B1D4DEB5102267E /* RevenueCat in Frameworks */ = {isa = PBXBuildFile; productRef = 4C2ED932B605540B26702181 /* RevenueCat */; };
		739569B4284136846BB413CC /* SpeechService.swift in Sources */ = {isa = PBXBuildFile; fileRef = F4EA3F0F8470BC7586547AC4 /* SpeechService.swift */; };
		7415E796553E30E0D3A212EC /* DocumentSurface.swift in Sources */ = {isa = PBXBuildFile; fileRef = C22AD612049EF0B8B011D72B /* DocumentSurface.swift */; };
		7B233F7DBD9C019054036E6A /* ShareViewController.swift in Sources */ = {isa = PBXBuildFile; fileRef = FCB1A1CE091A5094DD257A7A /* ShareViewController.swift */; };
		7B34924A80C0E0F77E413154 /* FuseEngine.swift in Sources */ = {isa = PBXBuildFile; fileRef = CD6712ACA64920FDB5D6740C /* FuseEngine.swift */; };
		7E087C8535EE52EBE9A18407 /* SupabaseService.swift in Sources */ = {isa = PBXBuildFile; fileRef = A9EC931C678D545B718CEEAF /* SupabaseService.swift */; };
		828FF10DBF51318399AE3E65 /* _locales in Resources */ = {isa = PBXBuildFile; fileRef = CF961D05B51EA2DA5005BC82 /* _locales */; };
		86F5C7FA93F689E4AA54721C /* SharedInbox.swift in Sources */ = {isa = PBXBuildFile; fileRef = F6DFB370968DD1AD9C73C92C /* SharedInbox.swift */; };
		87C1AD5B8C251B654DA67E6F /* Assets.xcassets in Resources */ = {isa = PBXBuildFile; fileRef = BFE3747A718D29D4E127EAA4 /* Assets.xcassets */; };
		899B934EBEF55C63DD0FF367 /* HistoryView.swift in Sources */ = {isa = PBXBuildFile; fileRef = EDED2E050B1FBB6258E4D320 /* HistoryView.swift */; };
		8CE7ACAD483B69D602EB549B /* MeltOverlay.swift in Sources */ = {isa = PBXBuildFile; fileRef = 3EDF2E64E1A1268006D61870 /* MeltOverlay.swift */; };
		92E9214CF065FD3E0D5F2B9A /* AppModel.swift in Sources */ = {isa = PBXBuildFile; fileRef = 08C7A59163EE5BC4F47AA046 /* AppModel.swift */; };
		941C5773D61945CD55CEECDF /* PaywallView.swift in Sources */ = {isa = PBXBuildFile; fileRef = A6FC94B284C3BFACE006EA89 /* PaywallView.swift */; };
		96E11D8F07216A6699467368 /* Prompts.swift in Sources */ = {isa = PBXBuildFile; fileRef = B96FB3CEBEA8BCB3CBB1BAC7 /* Prompts.swift */; };
		9A7E6C1C5E4E44D6FE51A609 /* DemoScenarios.swift in Sources */ = {isa = PBXBuildFile; fileRef = B5BAF08A38315D14D96062E7 /* DemoScenarios.swift */; };
		9B857D52D002C004C56B2126 /* CommunityView.swift in Sources */ = {isa = PBXBuildFile; fileRef = 93EBE9452B9ED4E40B21C822 /* CommunityView.swift */; };
		9F17A1F1B0F2B9090DA0CADC /* popup.js in Resources */ = {isa = PBXBuildFile; fileRef = 81271F6F9639FD52D1EDFC28 /* popup.js */; };
		9F290D1479F14DD4F7B0FF3C /* Assets.xcassets in Resources */ = {isa = PBXBuildFile; fileRef = 2586D09CCBFF00FA791E5AE2 /* Assets.xcassets */; };
		A0296BF9C416C58C7D832489 /* IntentPreview.swift in Sources */ = {isa = PBXBuildFile; fileRef = E191C6A3A7838512464D3B40 /* IntentPreview.swift */; };
		A257048B24D9FFE94075CBAC /* SurfaceTypes.swift in Sources */ = {isa = PBXBuildFile; fileRef = 365CCABBB3207316B3115426 /* SurfaceTypes.swift */; };
		A645A37EC95F1C36DC3D11C6 /* InteractiveArtifactViews.swift in Sources */ = {isa = PBXBuildFile; fileRef = 7586591DF8E39C001810EAFF /* InteractiveArtifactViews.swift */; };
		A6C11B07BD363863330686E9 /* FuseCommandFlag.swift in Sources */ = {isa = PBXBuildFile; fileRef = 593F9962BA873D3A45E74A41 /* FuseCommandFlag.swift */; };
		AA07A91F5E35996DA83DF89F /* background.js in Resources */ = {isa = PBXBuildFile; fileRef = C187F5F3FE7B8DBD55A82C0E /* background.js */; };
		AC8603BA2BE797A83B2D1611 /* RootView.swift in Sources */ = {isa = PBXBuildFile; fileRef = A800D946E4B6E5B32CEEA7E7 /* RootView.swift */; };
		AE051DB20B16AF9254746BB6 /* Theme.swift in Sources */ = {isa = PBXBuildFile; fileRef = 607405C772251E12BFEB54B7 /* Theme.swift */; };
		AF054A392856398669F9D6A8 /* SettingsView.swift in Sources */ = {isa = PBXBuildFile; fileRef = EA5CA43C4F82E8CA2FFA94D7 /* SettingsView.swift */; };
		B30460E3B8724DFE09302D24 /* FuseCommandFlag.swift in Sources */ = {isa = PBXBuildFile; fileRef = 593F9962BA873D3A45E74A41 /* FuseCommandFlag.swift */; };
		B5A5FCDA6C5D797BCADA1BD7 /* FuseResult.swift in Sources */ = {isa = PBXBuildFile; fileRef = BA7685485CC1C56D10C1F564 /* FuseResult.swift */; };
		B67EDE9045E095CAE75E1355 /* FuseSnippetView.swift in Sources */ = {isa = PBXBuildFile; fileRef = 91BB7F8CB25A02A6810B4874 /* FuseSnippetView.swift */; };
		B6FB1B7841C1866A222BEE63 /* SharedInbox.swift in Sources */ = {isa = PBXBuildFile; fileRef = F6DFB370968DD1AD9C73C92C /* SharedInbox.swift */; };
		B86AD548CF057C113968DEB4 /* FuseIntents.swift in Sources */ = {isa = PBXBuildFile; fileRef = D2E639DE608CEFE07CF288A2 /* FuseIntents.swift */; };
		B97DC6EA0C1DA862E4DF8865 /* SurfaceTypes.swift in Sources */ = {isa = PBXBuildFile; fileRef = 365CCABBB3207316B3115426 /* SurfaceTypes.swift */; };
		BB389C58625E27DEEB563D0E /* SurfaceTypes.swift in Sources */ = {isa = PBXBuildFile; fileRef = 365CCABBB3207316B3115426 /* SurfaceTypes.swift */; };
		C369B02FAF2F78653B2E2084 /* RevenueCatUI in Frameworks */ = {isa = PBXBuildFile; productRef = 27DE0E2022DDC06282E30B99 /* RevenueCatUI */; };
		C4F5CBFA0050F78005A2F741 /* AppModel+Orb.swift in Sources */ = {isa = PBXBuildFile; fileRef = AF8EE59B158E38FB275B799F /* AppModel+Orb.swift */; };
		CA0D82ECFAE26D07B3AC4DF0 /* FuseControlIntent.swift in Sources */ = {isa = PBXBuildFile; fileRef = 7CF5CD0293811FA7222908DF /* FuseControlIntent.swift */; };
		CA14F4F29919F7C320831B8D /* ArtifactViews.swift in Sources */ = {isa = PBXBuildFile; fileRef = 66C3C886616D0E86495198C9 /* ArtifactViews.swift */; };
		CADAC54B512BDEBCD88D6B75 /* ArtifactText.swift in Sources */ = {isa = PBXBuildFile; fileRef = FB16B369DAAA614A52201F7D /* ArtifactText.swift */; };
		CC0477A27F9055128814EA18 /* CoverView.swift in Sources */ = {isa = PBXBuildFile; fileRef = E6C5D6C93DA6B50F21B53EB3 /* CoverView.swift */; };
		D39E1E387BE1DF045FA4B31C /* FuseControls.appex in Embed Foundation Extensions */ = {isa = PBXBuildFile; fileRef = 5DC19932CF8B6DA52EF04B9A /* FuseControls.appex */; settings = {ATTRIBUTES = (RemoveHeadersOnCopy, ); }; };
		DB7D7582EAEBC2001F4FF742 /* render.js in Resources */ = {isa = PBXBuildFile; fileRef = F2182D623BD950487806AD06 /* render.js */; };
		DBD8AF607BA84A890AF39630 /* SeamView.swift in Sources */ = {isa = PBXBuildFile; fileRef = 2D311FB6B2A65A91E6C6B8F0 /* SeamView.swift */; };
		DC9D628059F8FF98CDC5981F /* AppConfig.swift in Sources */ = {isa = PBXBuildFile; fileRef = B785C50FC5581888F169631C /* AppConfig.swift */; };
		DF95842506AD8D09D574C852 /* ScreenshotInput.swift in Sources */ = {isa = PBXBuildFile; fileRef = 232620D88E7BE9E62C4F15C8 /* ScreenshotInput.swift */; };
		E02D3781141F9362E213EFE3 /* ResultView.swift in Sources */ = {isa = PBXBuildFile; fileRef = A72145BEEDE1D3DB860927CD /* ResultView.swift */; };
		E0BB9C54CCC9CD536511E5BF /* WebSurface.swift in Sources */ = {isa = PBXBuildFile; fileRef = B731310AC0644253C28C0A5F /* WebSurface.swift */; };
		E3A873996AB4A5FCFFA8B02E /* FuseSafari.appex in Embed Foundation Extensions */ = {isa = PBXBuildFile; fileRef = 33F6A48603C8C82959B95A25 /* FuseSafari.appex */; settings = {ATTRIBUTES = (RemoveHeadersOnCopy, ); }; };
		EA68F683172A2AE2AC1AEDDD /* FuseEngineTests.swift in Sources */ = {isa = PBXBuildFile; fileRef = 5F2C8658C33905A8A41B9DDF /* FuseEngineTests.swift */; };
		EDB4EAD82492180D82267C8F /* EventArtifactView.swift in Sources */ = {isa = PBXBuildFile; fileRef = 959AE59531B7A1DA93ECC305 /* EventArtifactView.swift */; };
		F27C368CC3C02195F6D76CE5 /* Supabase in Frameworks */ = {isa = PBXBuildFile; productRef = 40152B70284BC7DE91C4B4C2 /* Supabase */; };
		F27DCAF139D7BE08C840FC53 /* ArtifactText.swift in Sources */ = {isa = PBXBuildFile; fileRef = FB16B369DAAA614A52201F7D /* ArtifactText.swift */; };
		F95CD22E788B0AFE40AA14DF /* OpenAIClient.swift in Sources */ = {isa = PBXBuildFile; fileRef = B5F21992A3B2F7B9ADF64CC2 /* OpenAIClient.swift */; };
		FA41925CAE151FFD21B5D693 /* HingeMonitor.swift in Sources */ = {isa = PBXBuildFile; fileRef = 9CE9A8FABCE060A06D710C42 /* HingeMonitor.swift */; };
		FB752B655A7EF4B780EB1BE8 /* BackgroundFuseService.swift in Sources */ = {isa = PBXBuildFile; fileRef = 5A1B16D96AACD6B36D8F8CF2 /* BackgroundFuseService.swift */; };
		FBBB1A31888C19F4C4813782 /* StageView.swift in Sources */ = {isa = PBXBuildFile; fileRef = 102A5EC94C1E53EE77B391E7 /* StageView.swift */; };
		FBE795EF7A452C3DBAECC82F /* MarkdownArtifactView.swift in Sources */ = {isa = PBXBuildFile; fileRef = CE32AE7E546C68A4FF63BCF7 /* MarkdownArtifactView.swift */; };
		FE2CF317D9A0C36ABEB60CDE /* NotesSurface.swift in Sources */ = {isa = PBXBuildFile; fileRef = D6C7B2E63745BFCEF4088EFF /* NotesSurface.swift */; };
		FF05BBD8CF3E621CA4CB7463 /* FuseEngine.swift in Sources */ = {isa = PBXBuildFile; fileRef = CD6712ACA64920FDB5D6740C /* FuseEngine.swift */; };
		FF25839867BFFAB4EFF613AA /* BackgroundFuseTests.swift in Sources */ = {isa = PBXBuildFile; fileRef = D4E80299DC00BD5361E45A18 /* BackgroundFuseTests.swift */; };
/* End PBXBuildFile section */

/* Begin PBXContainerItemProxy section */
		022F115E2B5B194654862EF0 /* PBXContainerItemProxy */ = {
			isa = PBXContainerItemProxy;
			containerPortal = 310C9702C9EF4A48B39D4AE4 /* Project object */;
			proxyType = 1;
			remoteGlobalIDString = C2B7489CAAAFB9E7D71D69E7;
			remoteInfo = FuseShare;
		};
		B3059CCB0AE4A2075253DFF0 /* PBXContainerItemProxy */ = {
			isa = PBXContainerItemProxy;
			containerPortal = 310C9702C9EF4A48B39D4AE4 /* Project object */;
			proxyType = 1;
			remoteGlobalIDString = 1B4DA76A39C2A27022543E40;
			remoteInfo = FuseSafari;
		};
		BA81B80A25F6407329529D55 /* PBXContainerItemProxy */ = {
			isa = PBXContainerItemProxy;
			containerPortal = 310C9702C9EF4A48B39D4AE4 /* Project object */;
			proxyType = 1;
			remoteGlobalIDString = 175207EFC01C659B2705C9EA;
			remoteInfo = Fuse;
		};
		BEDDDBEAD637287C3D43F26A /* PBXContainerItemProxy */ = {
			isa = PBXContainerItemProxy;
			containerPortal = 310C9702C9EF4A48B39D4AE4 /* Project object */;
			proxyType = 1;
			remoteGlobalIDString = CB1AC8F89FE4E32E664B1235;
			remoteInfo = FuseControls;
		};
/* End PBXContainerItemProxy section */

/* Begin PBXCopyFilesBuildPhase section */
		0E4C3CB2512C83B626109F93 /* Embed Foundation Extensions */ = {
			isa = PBXCopyFilesBuildPhase;
			buildActionMask = 2147483647;
			dstPath = "";
			dstSubfolderSpec = 13;
			files = (
				0FBC42C2D1C8A74F0DB72FA6 /* FuseShare.appex in Embed Foundation Extensions */,
				E3A873996AB4A5FCFFA8B02E /* FuseSafari.appex in Embed Foundation Extensions */,
				D39E1E387BE1DF045FA4B31C /* FuseControls.appex in Embed Foundation Extensions */,
			);
			name = "Embed Foundation Extensions";
			runOnlyForDeploymentPostprocessing = 0;
		};
/* End PBXCopyFilesBuildPhase section */

/* Begin PBXFileReference section */
		048C20CEABD56269A92F0B5C /* Fuse.entitlements */ = {isa = PBXFileReference; lastKnownFileType = text.plist.entitlements; path = Fuse.entitlements; sourceTree = "<group>"; };
		08C7A59163EE5BC4F47AA046 /* AppModel.swift */ = {isa = PBXFileReference; lastKnownFileType = sourcecode.swift; path = AppModel.swift; sourceTree = "<group>"; };
		09F598AFEFBB1770E6F25448 /* MapSurface.swift */ = {isa = PBXFileReference; lastKnownFileType = sourcecode.swift; path = MapSurface.swift; sourceTree = "<group>"; };
		0DD7E4364BEC1E5A8EE6E175 /* Info.plist */ = {isa = PBXFileReference; lastKnownFileType = text.plist; path = Info.plist; sourceTree = "<group>"; };
		102A5EC94C1E53EE77B391E7 /* StageView.swift */ = {isa = PBXFileReference; lastKnownFileType = sourcecode.swift; path = StageView.swift; sourceTree = "<group>"; };
		10516F5014BB5E1EFAFDEB62 /* Info.plist */ = {isa = PBXFileReference; lastKnownFileType = text.plist; path = Info.plist; sourceTree = "<group>"; };
		18C9EF628DE93150DA19A47E /* Fuse.app */ = {isa = PBXFileReference; includeInIndex = 0; lastKnownFileType = wrapper.application; path = Fuse.app; sourceTree = BUILT_PRODUCTS_DIR; };
		1F04D9D81D4E2241C4753B03 /* PhotoSurface.swift */ = {isa = PBXFileReference; lastKnownFileType = sourcecode.swift; path = PhotoSurface.swift; sourceTree = "<group>"; };
		232620D88E7BE9E62C4F15C8 /* ScreenshotInput.swift */ = {isa = PBXFileReference; lastKnownFileType = sourcecode.swift; path = ScreenshotInput.swift; sourceTree = "<group>"; };
		2586D09CCBFF00FA791E5AE2 /* Assets.xcassets */ = {isa = PBXFileReference; lastKnownFileType = folder.assetcatalog; path = Assets.xcassets; sourceTree = "<group>"; };
		25F3A57732F2863C6C5EAB99 /* ClipboardSurface.swift */ = {isa = PBXFileReference; lastKnownFileType = sourcecode.swift; path = ClipboardSurface.swift; sourceTree = "<group>"; };
		2D311FB6B2A65A91E6C6B8F0 /* SeamView.swift */ = {isa = PBXFileReference; lastKnownFileType = sourcecode.swift; path = SeamView.swift; sourceTree = "<group>"; };
		33F6A48603C8C82959B95A25 /* FuseSafari.appex */ = {isa = PBXFileReference; includeInIndex = 0; lastKnownFileType = "wrapper.app-extension"; path = FuseSafari.appex; sourceTree = BUILT_PRODUCTS_DIR; };
		365CCABBB3207316B3115426 /* SurfaceTypes.swift */ = {isa = PBXFileReference; lastKnownFileType = sourcecode.swift; path = SurfaceTypes.swift; sourceTree = "<group>"; };
		374971D815B08305983A98CB /* Surface.swift */ = {isa = PBXFileReference; lastKnownFileType = sourcecode.swift; path = Surface.swift; sourceTree = "<group>"; };
		37CE0ECFA6E2AA7A24478E11 /* LatestScreenshot.swift */ = {isa = PBXFileReference; lastKnownFileType = sourcecode.swift; path = LatestScreenshot.swift; sourceTree = "<group>"; };
		3EDF2E64E1A1268006D61870 /* MeltOverlay.swift */ = {isa = PBXFileReference; lastKnownFileType = sourcecode.swift; path = MeltOverlay.swift; sourceTree = "<group>"; };
		404B499335E44E8EBAB65C20 /* FuseControls.entitlements */ = {isa = PBXFileReference; lastKnownFileType = text.plist.entitlements; path = FuseControls.entitlements; sourceTree = "<group>"; };
		443C12327C984763280C1B4C /* popup.html */ = {isa = PBXFileReference; lastKnownFileType = text.html; path = popup.html; sourceTree = "<group>"; };
		592475C81E20B9AB0021F610 /* ShareSheet.swift */ = {isa = PBXFileReference; lastKnownFileType = sourcecode.swift; path = ShareSheet.swift; sourceTree = "<group>"; };
		593F9962BA873D3A45E74A41 /* FuseCommandFlag.swift */ = {isa = PBXFileReference; lastKnownFileType = sourcecode.swift; path = FuseCommandFlag.swift; sourceTree = "<group>"; };
		5A1B16D96AACD6B36D8F8CF2 /* BackgroundFuseService.swift */ = {isa = PBXFileReference; lastKnownFileType = sourcecode.swift; path = BackgroundFuseService.swift; sourceTree = "<group>"; };
		5DC19932CF8B6DA52EF04B9A /* FuseControls.appex */ = {isa = PBXFileReference; includeInIndex = 0; lastKnownFileType = "wrapper.app-extension"; path = FuseControls.appex; sourceTree = BUILT_PRODUCTS_DIR; };
		5F2C8658C33905A8A41B9DDF /* FuseEngineTests.swift */ = {isa = PBXFileReference; lastKnownFileType = sourcecode.swift; path = FuseEngineTests.swift; sourceTree = "<group>"; };
		607405C772251E12BFEB54B7 /* Theme.swift */ = {isa = PBXFileReference; lastKnownFileType = sourcecode.swift; path = Theme.swift; sourceTree = "<group>"; };
		66C3C886616D0E86495198C9 /* ArtifactViews.swift */ = {isa = PBXFileReference; lastKnownFileType = sourcecode.swift; path = ArtifactViews.swift; sourceTree = "<group>"; };
		7479034F6DF0BD2AFC50953B /* HistoryStore.swift */ = {isa = PBXFileReference; lastKnownFileType = sourcecode.swift; path = HistoryStore.swift; sourceTree = "<group>"; };
		7586591DF8E39C001810EAFF /* InteractiveArtifactViews.swift */ = {isa = PBXFileReference; lastKnownFileType = sourcecode.swift; path = InteractiveArtifactViews.swift; sourceTree = "<group>"; };
		781E53527787E86A86608258 /* icon-128.png */ = {isa = PBXFileReference; lastKnownFileType = image.png; path = "icon-128.png"; sourceTree = "<group>"; };
		7CF5CD0293811FA7222908DF /* FuseControlIntent.swift */ = {isa = PBXFileReference; lastKnownFileType = sourcecode.swift; path = FuseControlIntent.swift; sourceTree = "<group>"; };
		81271F6F9639FD52D1EDFC28 /* popup.js */ = {isa = PBXFileReference; lastKnownFileType = sourcecode.javascript; path = popup.js; sourceTree = "<group>"; };
		86834D4CC7ED7D98DFABCE78 /* SafariWebExtensionHandler.swift */ = {isa = PBXFileReference; lastKnownFileType = sourcecode.swift; path = SafariWebExtensionHandler.swift; sourceTree = "<group>"; };
		8ACFDBC701F2B6DD6A4053F8 /* ItineraryArtifactView.swift */ = {isa = PBXFileReference; lastKnownFileType = sourcecode.swift; path = ItineraryArtifactView.swift; sourceTree = "<group>"; };
		8C88975080C90AE360AABE1E /* FuseTests.xctest */ = {isa = PBXFileReference; includeInIndex = 0; lastKnownFileType = wrapper.cfbundle; path = FuseTests.xctest; sourceTree = BUILT_PRODUCTS_DIR; };
		91BB7F8CB25A02A6810B4874 /* FuseSnippetView.swift */ = {isa = PBXFileReference; lastKnownFileType = sourcecode.swift; path = FuseSnippetView.swift; sourceTree = "<group>"; };
		93EBE9452B9ED4E40B21C822 /* CommunityView.swift */ = {isa = PBXFileReference; lastKnownFileType = sourcecode.swift; path = CommunityView.swift; sourceTree = "<group>"; };
		959AE59531B7A1DA93ECC305 /* EventArtifactView.swift */ = {isa = PBXFileReference; lastKnownFileType = sourcecode.swift; path = EventArtifactView.swift; sourceTree = "<group>"; };
		99913AA3B904BDB6BDB4F44A /* FuseShare.appex */ = {isa = PBXFileReference; includeInIndex = 0; lastKnownFileType = "wrapper.app-extension"; path = FuseShare.appex; sourceTree = BUILT_PRODUCTS_DIR; };
		9CE9A8FABCE060A06D710C42 /* HingeMonitor.swift */ = {isa = PBXFileReference; lastKnownFileType = sourcecode.swift; path = HingeMonitor.swift; sourceTree = "<group>"; };
		9FCC3198B623B8AD6ACF34E7 /* Info.plist */ = {isa = PBXFileReference; lastKnownFileType = text.plist; path = Info.plist; sourceTree = "<group>"; };
		A6FC94B284C3BFACE006EA89 /* PaywallView.swift */ = {isa = PBXFileReference; lastKnownFileType = sourcecode.swift; path = PaywallView.swift; sourceTree = "<group>"; };
		A72145BEEDE1D3DB860927CD /* ResultView.swift */ = {isa = PBXFileReference; lastKnownFileType = sourcecode.swift; path = ResultView.swift; sourceTree = "<group>"; };
		A800D946E4B6E5B32CEEA7E7 /* RootView.swift */ = {isa = PBXFileReference; lastKnownFileType = sourcecode.swift; path = RootView.swift; sourceTree = "<group>"; };
		A9EC931C678D545B718CEEAF /* SupabaseService.swift */ = {isa = PBXFileReference; lastKnownFileType = sourcecode.swift; path = SupabaseService.swift; sourceTree = "<group>"; };
		AAD2B26D5D65846096577449 /* DemoScenarios+More.swift */ = {isa = PBXFileReference; lastKnownFileType = sourcecode.swift; path = "DemoScenarios+More.swift"; sourceTree = "<group>"; };
		AE62A7AEEFD3C2E05FFFDA7E /* RevenueCatService.swift */ = {isa = PBXFileReference; lastKnownFileType = sourcecode.swift; path = RevenueCatService.swift; sourceTree = "<group>"; };
		AF8EE59B158E38FB275B799F /* AppModel+Orb.swift */ = {isa = PBXFileReference; lastKnownFileType = sourcecode.swift; path = "AppModel+Orb.swift"; sourceTree = "<group>"; };
		B4D5D316E946BB752DE028F5 /* FusingView.swift */ = {isa = PBXFileReference; lastKnownFileType = sourcecode.swift; path = FusingView.swift; sourceTree = "<group>"; };
		B53EAD078A7835F5A7F313FB /* FuseShare.entitlements */ = {isa = PBXFileReference; lastKnownFileType = text.plist.entitlements; path = FuseShare.entitlements; sourceTree = "<group>"; };
		B5BAF08A38315D14D96062E7 /* DemoScenarios.swift */ = {isa = PBXFileReference; lastKnownFileType = sourcecode.swift; path = DemoScenarios.swift; sourceTree = "<group>"; };
		B5F21992A3B2F7B9ADF64CC2 /* OpenAIClient.swift */ = {isa = PBXFileReference; lastKnownFileType = sourcecode.swift; path = OpenAIClient.swift; sourceTree = "<group>"; };
		B64B459DA992D1CBFB50AA12 /* ResultSupport.swift */ = {isa = PBXFileReference; lastKnownFileType = sourcecode.swift; path = ResultSupport.swift; sourceTree = "<group>"; };
		B731310AC0644253C28C0A5F /* WebSurface.swift */ = {isa = PBXFileReference; lastKnownFileType = sourcecode.swift; path = WebSurface.swift; sourceTree = "<group>"; };
		B785C50FC5581888F169631C /* AppConfig.swift */ = {isa = PBXFileReference; lastKnownFileType = sourcecode.swift; path = AppConfig.swift; sourceTree = "<group>"; };
		B8890F79D1D500CEC7138381 /* CalendarSurface.swift */ = {isa = PBXFileReference; lastKnownFileType = sourcecode.swift; path = CalendarSurface.swift; sourceTree = "<group>"; };
		B96FB3CEBEA8BCB3CBB1BAC7 /* Prompts.swift */ = {isa = PBXFileReference; lastKnownFileType = sourcecode.swift; path = Prompts.swift; sourceTree = "<group>"; };
		BA7685485CC1C56D10C1F564 /* FuseResult.swift */ = {isa = PBXFileReference; lastKnownFileType = sourcecode.swift; path = FuseResult.swift; sourceTree = "<group>"; };
		BAF8A6073EB641D5AE74CF9B /* manifest.json */ = {isa = PBXFileReference; lastKnownFileType = text.json; path = manifest.json; sourceTree = "<group>"; };
		BFE3747A718D29D4E127EAA4 /* Assets.xcassets */ = {isa = PBXFileReference; lastKnownFileType = folder.assetcatalog; path = Assets.xcassets; sourceTree = "<group>"; };
		C187F5F3FE7B8DBD55A82C0E /* background.js */ = {isa = PBXFileReference; lastKnownFileType = sourcecode.javascript; path = background.js; sourceTree = "<group>"; };
		C22AD612049EF0B8B011D72B /* DocumentSurface.swift */ = {isa = PBXFileReference; lastKnownFileType = sourcecode.swift; path = DocumentSurface.swift; sourceTree = "<group>"; };
		C492510AA51622F8C19BA216 /* Fuse.xcconfig */ = {isa = PBXFileReference; lastKnownFileType = text.xcconfig; path = Fuse.xcconfig; sourceTree = "<group>"; };
		C98B8BC832C92042C6647E0D /* content.js */ = {isa = PBXFileReference; lastKnownFileType = sourcecode.javascript; path = content.js; sourceTree = "<group>"; };
		CD6712ACA64920FDB5D6740C /* FuseEngine.swift */ = {isa = PBXFileReference; lastKnownFileType = sourcecode.swift; path = FuseEngine.swift; sourceTree = "<group>"; };
		CE32AE7E546C68A4FF63BCF7 /* MarkdownArtifactView.swift */ = {isa = PBXFileReference; lastKnownFileType = sourcecode.swift; path = MarkdownArtifactView.swift; sourceTree = "<group>"; };
		CF961D05B51EA2DA5005BC82 /* _locales */ = {isa = PBXFileReference; lastKnownFileType = folder; name = _locales; path = FuseSafari/Resources/_locales; sourceTree = SOURCE_ROOT; };
		D2E639DE608CEFE07CF288A2 /* FuseIntents.swift */ = {isa = PBXFileReference; lastKnownFileType = sourcecode.swift; path = FuseIntents.swift; sourceTree = "<group>"; };
		D4E80299DC00BD5361E45A18 /* BackgroundFuseTests.swift */ = {isa = PBXFileReference; lastKnownFileType = sourcecode.swift; path = BackgroundFuseTests.swift; sourceTree = "<group>"; };
		D6C7B2E63745BFCEF4088EFF /* NotesSurface.swift */ = {isa = PBXFileReference; lastKnownFileType = sourcecode.swift; path = NotesSurface.swift; sourceTree = "<group>"; };
		D8DA481189DE251B57577A67 /* FuseControls.swift */ = {isa = PBXFileReference; lastKnownFileType = sourcecode.swift; path = FuseControls.swift; sourceTree = "<group>"; };
		DCD65D21A7A605C85BB42F5A /* FloatingOrb.swift */ = {isa = PBXFileReference; lastKnownFileType = sourcecode.swift; path = FloatingOrb.swift; sourceTree = "<group>"; };
		DD209E558F7487BD279B76CC /* FuseApp.swift */ = {isa = PBXFileReference; lastKnownFileType = sourcecode.swift; path = FuseApp.swift; sourceTree = "<group>"; };
		E191C6A3A7838512464D3B40 /* IntentPreview.swift */ = {isa = PBXFileReference; lastKnownFileType = sourcecode.swift; path = IntentPreview.swift; sourceTree = "<group>"; };
		E6C5D6C93DA6B50F21B53EB3 /* CoverView.swift */ = {isa = PBXFileReference; lastKnownFileType = sourcecode.swift; path = CoverView.swift; sourceTree = "<group>"; };
		EA5CA43C4F82E8CA2FFA94D7 /* SettingsView.swift */ = {isa = PBXFileReference; lastKnownFileType = sourcecode.swift; path = SettingsView.swift; sourceTree = "<group>"; };
		EDED2E050B1FBB6258E4D320 /* HistoryView.swift */ = {isa = PBXFileReference; lastKnownFileType = sourcecode.swift; path = HistoryView.swift; sourceTree = "<group>"; };
		F06AA59AFF1FD083BAC71EBA /* FuseJobStore.swift */ = {isa = PBXFileReference; lastKnownFileType = sourcecode.swift; path = FuseJobStore.swift; sourceTree = "<group>"; };
		F2182D623BD950487806AD06 /* render.js */ = {isa = PBXFileReference; lastKnownFileType = sourcecode.javascript; path = render.js; sourceTree = "<group>"; };
		F4EA3F0F8470BC7586547AC4 /* SpeechService.swift */ = {isa = PBXFileReference; lastKnownFileType = sourcecode.swift; path = SpeechService.swift; sourceTree = "<group>"; };
		F6DFB370968DD1AD9C73C92C /* SharedInbox.swift */ = {isa = PBXFileReference; lastKnownFileType = sourcecode.swift; path = SharedInbox.swift; sourceTree = "<group>"; };
		FB16B369DAAA614A52201F7D /* ArtifactText.swift */ = {isa = PBXFileReference; lastKnownFileType = sourcecode.swift; path = ArtifactText.swift; sourceTree = "<group>"; };
		FCB1A1CE091A5094DD257A7A /* ShareViewController.swift */ = {isa = PBXFileReference; lastKnownFileType = sourcecode.swift; path = ShareViewController.swift; sourceTree = "<group>"; };
/* End PBXFileReference section */

/* Begin PBXFrameworksBuildPhase section */
		1F0DE86D9959A96238BCB425 /* Frameworks */ = {
			isa = PBXFrameworksBuildPhase;
			buildActionMask = 2147483647;
			files = (
				726546800B1D4DEB5102267E /* RevenueCat in Frameworks */,
				C369B02FAF2F78653B2E2084 /* RevenueCatUI in Frameworks */,
				F27C368CC3C02195F6D76CE5 /* Supabase in Frameworks */,
			);
			runOnlyForDeploymentPostprocessing = 0;
		};
/* End PBXFrameworksBuildPhase section */

/* Begin PBXGroup section */
		05CADC4E625A2B327C41BA19 /* Surfaces */ = {
			isa = PBXGroup;
			children = (
				B8890F79D1D500CEC7138381 /* CalendarSurface.swift */,
				25F3A57732F2863C6C5EAB99 /* ClipboardSurface.swift */,
				C22AD612049EF0B8B011D72B /* DocumentSurface.swift */,
				09F598AFEFBB1770E6F25448 /* MapSurface.swift */,
				D6C7B2E63745BFCEF4088EFF /* NotesSurface.swift */,
				1F04D9D81D4E2241C4753B03 /* PhotoSurface.swift */,
				374971D815B08305983A98CB /* Surface.swift */,
				B731310AC0644253C28C0A5F /* WebSurface.swift */,
			);
			path = Surfaces;
			sourceTree = "<group>";
		};
		2044BEBD54F567D84BAB8F0C /* Config */ = {
			isa = PBXGroup;
			children = (
				C492510AA51622F8C19BA216 /* Fuse.xcconfig */,
			);
			path = Config;
			sourceTree = "<group>";
		};
		249363211D82E62C16D05A70 /* Snippets */ = {
			isa = PBXGroup;
			children = (
				91BB7F8CB25A02A6810B4874 /* FuseSnippetView.swift */,
			);
			path = Snippets;
			sourceTree = "<group>";
		};
		2CC3AA5966CA5BFD85105F5C /* Resources */ = {
			isa = PBXGroup;
			children = (
				CF961D05B51EA2DA5005BC82 /* _locales */,
				C187F5F3FE7B8DBD55A82C0E /* background.js */,
				C98B8BC832C92042C6647E0D /* content.js */,
				781E53527787E86A86608258 /* icon-128.png */,
				BAF8A6073EB641D5AE74CF9B /* manifest.json */,
				443C12327C984763280C1B4C /* popup.html */,
				81271F6F9639FD52D1EDFC28 /* popup.js */,
				F2182D623BD950487806AD06 /* render.js */,
			);
			path = Resources;
			sourceTree = "<group>";
		};
		3ACA17262412F4B570151B6A /* FuseSafari */ = {
			isa = PBXGroup;
			children = (
				2CC3AA5966CA5BFD85105F5C /* Resources */,
				86834D4CC7ED7D98DFABCE78 /* SafariWebExtensionHandler.swift */,
			);
			path = FuseSafari;
			sourceTree = "<group>";
		};
		3DEA1140D5B176B0D8DD69E7 /* Resources */ = {
			isa = PBXGroup;
			children = (
				2586D09CCBFF00FA791E5AE2 /* Assets.xcassets */,
			);
			path = Resources;
			sourceTree = "<group>";
		};
		4D1D1520DC950FA80B925474 /* Engine */ = {
			isa = PBXGroup;
			children = (
				FB16B369DAAA614A52201F7D /* ArtifactText.swift */,
				CD6712ACA64920FDB5D6740C /* FuseEngine.swift */,
				BA7685485CC1C56D10C1F564 /* FuseResult.swift */,
				E191C6A3A7838512464D3B40 /* IntentPreview.swift */,
				B5F21992A3B2F7B9ADF64CC2 /* OpenAIClient.swift */,
				B96FB3CEBEA8BCB3CBB1BAC7 /* Prompts.swift */,
			);
			path = Engine;
			sourceTree = "<group>";
		};
		55050DB63EF1E929E1E48141 /* Products */ = {
			isa = PBXGroup;
			children = (
				18C9EF628DE93150DA19A47E /* Fuse.app */,
				5DC19932CF8B6DA52EF04B9A /* FuseControls.appex */,
				33F6A48603C8C82959B95A25 /* FuseSafari.appex */,
				99913AA3B904BDB6BDB4F44A /* FuseShare.appex */,
				8C88975080C90AE360AABE1E /* FuseTests.xctest */,
			);
			name = Products;
			sourceTree = "<group>";
		};
		5747DC7CF5D43DB8F860A8FA /* Services */ = {
			isa = PBXGroup;
			children = (
				5A1B16D96AACD6B36D8F8CF2 /* BackgroundFuseService.swift */,
				DCD65D21A7A605C85BB42F5A /* FloatingOrb.swift */,
				F06AA59AFF1FD083BAC71EBA /* FuseJobStore.swift */,
				7479034F6DF0BD2AFC50953B /* HistoryStore.swift */,
				37CE0ECFA6E2AA7A24478E11 /* LatestScreenshot.swift */,
				AE62A7AEEFD3C2E05FFFDA7E /* RevenueCatService.swift */,
				232620D88E7BE9E62C4F15C8 /* ScreenshotInput.swift */,
				F4EA3F0F8470BC7586547AC4 /* SpeechService.swift */,
				A9EC931C678D545B718CEEAF /* SupabaseService.swift */,
			);
			path = Services;
			sourceTree = "<group>";
		};
		5868FA673F4FDD7133EF48DC /* Fuse */ = {
			isa = PBXGroup;
			children = (
				CD69881919A82CD3341C8B2B /* App */,
				8CCD72CD1F756B905160B19F /* Design */,
				4D1D1520DC950FA80B925474 /* Engine */,
				DD9DDB585DF3A6BE0A21CEF0 /* Hinge */,
				3DEA1140D5B176B0D8DD69E7 /* Resources */,
				62D60326CD1B494A5014AA85 /* Results */,
				6CAC51544D57716C7745AC38 /* Screens */,
				5747DC7CF5D43DB8F860A8FA /* Services */,
				249363211D82E62C16D05A70 /* Snippets */,
				05CADC4E625A2B327C41BA19 /* Surfaces */,
				048C20CEABD56269A92F0B5C /* Fuse.entitlements */,
				0DD7E4364BEC1E5A8EE6E175 /* Info.plist */,
			);
			path = Fuse;
			sourceTree = "<group>";
		};
		588342CF2993B05377AAC0F1 /* Shared */ = {
			isa = PBXGroup;
			children = (
				593F9962BA873D3A45E74A41 /* FuseCommandFlag.swift */,
				F6DFB370968DD1AD9C73C92C /* SharedInbox.swift */,
				365CCABBB3207316B3115426 /* SurfaceTypes.swift */,
			);
			path = Shared;
			sourceTree = "<group>";
		};
		62D60326CD1B494A5014AA85 /* Results */ = {
			isa = PBXGroup;
			children = (
				66C3C886616D0E86495198C9 /* ArtifactViews.swift */,
				959AE59531B7A1DA93ECC305 /* EventArtifactView.swift */,
				7586591DF8E39C001810EAFF /* InteractiveArtifactViews.swift */,
				8ACFDBC701F2B6DD6A4053F8 /* ItineraryArtifactView.swift */,
				CE32AE7E546C68A4FF63BCF7 /* MarkdownArtifactView.swift */,
				B64B459DA992D1CBFB50AA12 /* ResultSupport.swift */,
				A72145BEEDE1D3DB860927CD /* ResultView.swift */,
			);
			path = Results;
			sourceTree = "<group>";
		};
		6CAC51544D57716C7745AC38 /* Screens */ = {
			isa = PBXGroup;
			children = (
				93EBE9452B9ED4E40B21C822 /* CommunityView.swift */,
				E6C5D6C93DA6B50F21B53EB3 /* CoverView.swift */,
				B4D5D316E946BB752DE028F5 /* FusingView.swift */,
				EDED2E050B1FBB6258E4D320 /* HistoryView.swift */,
				3EDF2E64E1A1268006D61870 /* MeltOverlay.swift */,
				A6FC94B284C3BFACE006EA89 /* PaywallView.swift */,
				A800D946E4B6E5B32CEEA7E7 /* RootView.swift */,
				2D311FB6B2A65A91E6C6B8F0 /* SeamView.swift */,
				EA5CA43C4F82E8CA2FFA94D7 /* SettingsView.swift */,
				102A5EC94C1E53EE77B391E7 /* StageView.swift */,
			);
			path = Screens;
			sourceTree = "<group>";
		};
		8CCD72CD1F756B905160B19F /* Design */ = {
			isa = PBXGroup;
			children = (
				592475C81E20B9AB0021F610 /* ShareSheet.swift */,
				607405C772251E12BFEB54B7 /* Theme.swift */,
			);
			path = Design;
			sourceTree = "<group>";
		};
		B450288B2C21B6B2DD827B80 /* FuseShare */ = {
			isa = PBXGroup;
			children = (
				B53EAD078A7835F5A7F313FB /* FuseShare.entitlements */,
				10516F5014BB5E1EFAFDEB62 /* Info.plist */,
				FCB1A1CE091A5094DD257A7A /* ShareViewController.swift */,
			);
			path = FuseShare;
			sourceTree = "<group>";
		};
		C68C92A1214BEFEE926FE927 = {
			isa = PBXGroup;
			children = (
				2044BEBD54F567D84BAB8F0C /* Config */,
				5868FA673F4FDD7133EF48DC /* Fuse */,
				CD2B8AE3701B58A852DE28BD /* FuseControls */,
				3ACA17262412F4B570151B6A /* FuseSafari */,
				B450288B2C21B6B2DD827B80 /* FuseShare */,
				CF964303E084A8FC7C541950 /* FuseTests */,
				588342CF2993B05377AAC0F1 /* Shared */,
				55050DB63EF1E929E1E48141 /* Products */,
			);
			sourceTree = "<group>";
		};
		CD2B8AE3701B58A852DE28BD /* FuseControls */ = {
			isa = PBXGroup;
			children = (
				BFE3747A718D29D4E127EAA4 /* Assets.xcassets */,
				7CF5CD0293811FA7222908DF /* FuseControlIntent.swift */,
				404B499335E44E8EBAB65C20 /* FuseControls.entitlements */,
				D8DA481189DE251B57577A67 /* FuseControls.swift */,
				9FCC3198B623B8AD6ACF34E7 /* Info.plist */,
			);
			path = FuseControls;
			sourceTree = "<group>";
		};
		CD69881919A82CD3341C8B2B /* App */ = {
			isa = PBXGroup;
			children = (
				B785C50FC5581888F169631C /* AppConfig.swift */,
				08C7A59163EE5BC4F47AA046 /* AppModel.swift */,
				AF8EE59B158E38FB275B799F /* AppModel+Orb.swift */,
				B5BAF08A38315D14D96062E7 /* DemoScenarios.swift */,
				AAD2B26D5D65846096577449 /* DemoScenarios+More.swift */,
				DD209E558F7487BD279B76CC /* FuseApp.swift */,
				D2E639DE608CEFE07CF288A2 /* FuseIntents.swift */,
			);
			path = App;
			sourceTree = "<group>";
		};
		CF964303E084A8FC7C541950 /* FuseTests */ = {
			isa = PBXGroup;
			children = (
				D4E80299DC00BD5361E45A18 /* BackgroundFuseTests.swift */,
				5F2C8658C33905A8A41B9DDF /* FuseEngineTests.swift */,
			);
			path = FuseTests;
			sourceTree = "<group>";
		};
		DD9DDB585DF3A6BE0A21CEF0 /* Hinge */ = {
			isa = PBXGroup;
			children = (
				9CE9A8FABCE060A06D710C42 /* HingeMonitor.swift */,
			);
			path = Hinge;
			sourceTree = "<group>";
		};
/* End PBXGroup section */

/* Begin PBXNativeTarget section */
		175207EFC01C659B2705C9EA /* Fuse */ = {
			isa = PBXNativeTarget;
			buildConfigurationList = F8808854FE5E217F91D62264 /* Build configuration list for PBXNativeTarget "Fuse" */;
			buildPhases = (
				4B4176BED025D56E13B7C9F4 /* Sources */,
				5209DCA0DB9B69C39A248559 /* Resources */,
				1F0DE86D9959A96238BCB425 /* Frameworks */,
				0E4C3CB2512C83B626109F93 /* Embed Foundation Extensions */,
			);
			buildRules = (
			);
			dependencies = (
				72A5D57E956B0C6408542995 /* PBXTargetDependency */,
				975ABA8FAB3D1D6390D1F748 /* PBXTargetDependency */,
				BD12D331AF3C179CB9B90710 /* PBXTargetDependency */,
			);
			name = Fuse;
			packageProductDependencies = (
				4C2ED932B605540B26702181 /* RevenueCat */,
				27DE0E2022DDC06282E30B99 /* RevenueCatUI */,
				40152B70284BC7DE91C4B4C2 /* Supabase */,
			);
			productName = Fuse;
			productReference = 18C9EF628DE93150DA19A47E /* Fuse.app */;
			productType = "com.apple.product-type.application";
		};
		1B4DA76A39C2A27022543E40 /* FuseSafari */ = {
			isa = PBXNativeTarget;
			buildConfigurationList = E3FA2979BC2E5FF7DF05E629 /* Build configuration list for PBXNativeTarget "FuseSafari" */;
			buildPhases = (
				5EB8C680E3AC2B9D5587F271 /* Sources */,
				A94723D7CC9122A0E091F5A6 /* Resources */,
			);
			buildRules = (
			);
			dependencies = (
			);
			name = FuseSafari;
			packageProductDependencies = (
			);
			productName = FuseSafari;
			productReference = 33F6A48603C8C82959B95A25 /* FuseSafari.appex */;
			productType = "com.apple.product-type.app-extension";
		};
		AD7653F36BAF9C2D4E3BDC3C /* FuseTests */ = {
			isa = PBXNativeTarget;
			buildConfigurationList = A5B175D690E3F31E18C3B2CA /* Build configuration list for PBXNativeTarget "FuseTests" */;
			buildPhases = (
				38A8DEF1DCFCA91DCC908418 /* Sources */,
			);
			buildRules = (
			);
			dependencies = (
				698593D20ACADFDCD5D3D3A1 /* PBXTargetDependency */,
			);
			name = FuseTests;
			packageProductDependencies = (
			);
			productName = FuseTests;
			productReference = 8C88975080C90AE360AABE1E /* FuseTests.xctest */;
			productType = "com.apple.product-type.bundle.unit-test";
		};
		C2B7489CAAAFB9E7D71D69E7 /* FuseShare */ = {
			isa = PBXNativeTarget;
			buildConfigurationList = 6507EA29EDB1E348C6604069 /* Build configuration list for PBXNativeTarget "FuseShare" */;
			buildPhases = (
				E64E5443B7E820702A97D811 /* Sources */,
			);
			buildRules = (
			);
			dependencies = (
			);
			name = FuseShare;
			packageProductDependencies = (
			);
			productName = FuseShare;
			productReference = 99913AA3B904BDB6BDB4F44A /* FuseShare.appex */;
			productType = "com.apple.product-type.app-extension";
		};
		CB1AC8F89FE4E32E664B1235 /* FuseControls */ = {
			isa = PBXNativeTarget;
			buildConfigurationList = EBFC2C8679023E7D0021731E /* Build configuration list for PBXNativeTarget "FuseControls" */;
			buildPhases = (
				0129A1F044CA5F2A155348A5 /* Sources */,
				82E15F7D10D2230481FEFCFD /* Resources */,
			);
			buildRules = (
			);
			dependencies = (
			);
			name = FuseControls;
			packageProductDependencies = (
			);
			productName = FuseControls;
			productReference = 5DC19932CF8B6DA52EF04B9A /* FuseControls.appex */;
			productType = "com.apple.product-type.app-extension";
		};
/* End PBXNativeTarget section */

/* Begin PBXProject section */
		310C9702C9EF4A48B39D4AE4 /* Project object */ = {
			isa = PBXProject;
			attributes = {
				BuildIndependentTargetsInParallel = YES;
				LastUpgradeCheck = 2710;
				TargetAttributes = {
					175207EFC01C659B2705C9EA = {
						ProvisioningStyle = Automatic;
					};
					1B4DA76A39C2A27022543E40 = {
						ProvisioningStyle = Automatic;
					};
					AD7653F36BAF9C2D4E3BDC3C = {
						ProvisioningStyle = Automatic;
					};
					C2B7489CAAAFB9E7D71D69E7 = {
						ProvisioningStyle = Automatic;
					};
					CB1AC8F89FE4E32E664B1235 = {
						ProvisioningStyle = Automatic;
					};
				};
			};
			buildConfigurationList = 50E92BE9D81C503F19E767BC /* Build configuration list for PBXProject "Fuse" */;
			developmentRegion = en;
			hasScannedForEncodings = 0;
			knownRegions = (
				Base,
				en,
			);
			mainGroup = C68C92A1214BEFEE926FE927;
			minimizedProjectReferenceProxies = 1;
			packageReferences = (
				AADA8A57111B97A3AA25DCE0 /* XCRemoteSwiftPackageReference "purchases-ios-spm" */,
				AF1776C202225180F7E627E7 /* XCRemoteSwiftPackageReference "supabase-swift" */,
			);
			preferredProjectObjectVersion = 77;
			productRefGroup = 55050DB63EF1E929E1E48141 /* Products */;
			projectDirPath = "";
			projectRoot = "";
			targets = (
				175207EFC01C659B2705C9EA /* Fuse */,
				AD7653F36BAF9C2D4E3BDC3C /* FuseTests */,
				C2B7489CAAAFB9E7D71D69E7 /* FuseShare */,
				1B4DA76A39C2A27022543E40 /* FuseSafari */,
				CB1AC8F89FE4E32E664B1235 /* FuseControls */,
			);
		};
/* End PBXProject section */

/* Begin PBXResourcesBuildPhase section */
		5209DCA0DB9B69C39A248559 /* Resources */ = {
			isa = PBXResourcesBuildPhase;
			buildActionMask = 2147483647;
			files = (
				9F290D1479F14DD4F7B0FF3C /* Assets.xcassets in Resources */,
			);
			runOnlyForDeploymentPostprocessing = 0;
		};
		82E15F7D10D2230481FEFCFD /* Resources */ = {
			isa = PBXResourcesBuildPhase;
			buildActionMask = 2147483647;
			files = (
				87C1AD5B8C251B654DA67E6F /* Assets.xcassets in Resources */,
			);
			runOnlyForDeploymentPostprocessing = 0;
		};
		A94723D7CC9122A0E091F5A6 /* Resources */ = {
			isa = PBXResourcesBuildPhase;
			buildActionMask = 2147483647;
			files = (
				828FF10DBF51318399AE3E65 /* _locales in Resources */,
				AA07A91F5E35996DA83DF89F /* background.js in Resources */,
				4C37A37D54D007AFE3CD459F /* content.js in Resources */,
				197E28018EF9FEC3EE876A7B /* icon-128.png in Resources */,
				066055BB40E9DC456B0B305C /* manifest.json in Resources */,
				2D34522F60488A2AE8D0DDFF /* popup.html in Resources */,
				9F17A1F1B0F2B9090DA0CADC /* popup.js in Resources */,
				DB7D7582EAEBC2001F4FF742 /* render.js in Resources */,
			);
			runOnlyForDeploymentPostprocessing = 0;
		};
/* End PBXResourcesBuildPhase section */

/* Begin PBXSourcesBuildPhase section */
		0129A1F044CA5F2A155348A5 /* Sources */ = {
			isa = PBXSourcesBuildPhase;
			buildActionMask = 2147483647;
			files = (
				4F9817786F7A6C56F5BBB867 /* FuseCommandFlag.swift in Sources */,
				CA0D82ECFAE26D07B3AC4DF0 /* FuseControlIntent.swift in Sources */,
				66B01FA67D4D3A110DD53633 /* FuseControls.swift in Sources */,
				B6FB1B7841C1866A222BEE63 /* SharedInbox.swift in Sources */,
				BB389C58625E27DEEB563D0E /* SurfaceTypes.swift in Sources */,
			);
			runOnlyForDeploymentPostprocessing = 0;
		};
		38A8DEF1DCFCA91DCC908418 /* Sources */ = {
			isa = PBXSourcesBuildPhase;
			buildActionMask = 2147483647;
			files = (
				FF25839867BFFAB4EFF613AA /* BackgroundFuseTests.swift in Sources */,
				EA68F683172A2AE2AC1AEDDD /* FuseEngineTests.swift in Sources */,
			);
			runOnlyForDeploymentPostprocessing = 0;
		};
		4B4176BED025D56E13B7C9F4 /* Sources */ = {
			isa = PBXSourcesBuildPhase;
			buildActionMask = 2147483647;
			files = (
				47312F131E7AC22CE95156F9 /* AppConfig.swift in Sources */,
				C4F5CBFA0050F78005A2F741 /* AppModel+Orb.swift in Sources */,
				92E9214CF065FD3E0D5F2B9A /* AppModel.swift in Sources */,
				CADAC54B512BDEBCD88D6B75 /* ArtifactText.swift in Sources */,
				CA14F4F29919F7C320831B8D /* ArtifactViews.swift in Sources */,
				FB752B655A7EF4B780EB1BE8 /* BackgroundFuseService.swift in Sources */,
				123E1880C6287F6812ECE7FC /* CalendarSurface.swift in Sources */,
				3703BC5B794260B0FCE97D4B /* ClipboardSurface.swift in Sources */,
				9B857D52D002C004C56B2126 /* CommunityView.swift in Sources */,
				CC0477A27F9055128814EA18 /* CoverView.swift in Sources */,
				0F1FEE97B4BB0E51D492DC1C /* DemoScenarios+More.swift in Sources */,
				9A7E6C1C5E4E44D6FE51A609 /* DemoScenarios.swift in Sources */,
				7415E796553E30E0D3A212EC /* DocumentSurface.swift in Sources */,
				EDB4EAD82492180D82267C8F /* EventArtifactView.swift in Sources */,
				3AF80790E8E19717CEAA5D57 /* FloatingOrb.swift in Sources */,
				5AA9E7A274BDCF3551F5F7FC /* FuseApp.swift in Sources */,
				A6C11B07BD363863330686E9 /* FuseCommandFlag.swift in Sources */,
				7B34924A80C0E0F77E413154 /* FuseEngine.swift in Sources */,
				B86AD548CF057C113968DEB4 /* FuseIntents.swift in Sources */,
				17799CB6D0633ACB0EFB835B /* FuseJobStore.swift in Sources */,
				4B8871E447B2A56DD370C0DA /* FuseResult.swift in Sources */,
				B67EDE9045E095CAE75E1355 /* FuseSnippetView.swift in Sources */,
				0288B79A2BDF52DAA94940F9 /* FusingView.swift in Sources */,
				FA41925CAE151FFD21B5D693 /* HingeMonitor.swift in Sources */,
				1234C6929E679C96DAD9F61D /* HistoryStore.swift in Sources */,
				899B934EBEF55C63DD0FF367 /* HistoryView.swift in Sources */,
				A0296BF9C416C58C7D832489 /* IntentPreview.swift in Sources */,
				A645A37EC95F1C36DC3D11C6 /* InteractiveArtifactViews.swift in Sources */,
				222D5F5471661BBD908BC9BB /* ItineraryArtifactView.swift in Sources */,
				10F2771E023DC6CD9E56EE6B /* LatestScreenshot.swift in Sources */,
				42F8BD4F53922E425B35C18E /* MapSurface.swift in Sources */,
				FBE795EF7A452C3DBAECC82F /* MarkdownArtifactView.swift in Sources */,
				8CE7ACAD483B69D602EB549B /* MeltOverlay.swift in Sources */,
				FE2CF317D9A0C36ABEB60CDE /* NotesSurface.swift in Sources */,
				0870EFF1E4979572587DD4AE /* OpenAIClient.swift in Sources */,
				941C5773D61945CD55CEECDF /* PaywallView.swift in Sources */,
				0F74D642F1AB9E1591CE6DC9 /* PhotoSurface.swift in Sources */,
				96E11D8F07216A6699467368 /* Prompts.swift in Sources */,
				63609EF6A4D33BEC6943A627 /* ResultSupport.swift in Sources */,
				E02D3781141F9362E213EFE3 /* ResultView.swift in Sources */,
				2EEFDDEBAF9754CACFFFB76C /* RevenueCatService.swift in Sources */,
				AC8603BA2BE797A83B2D1611 /* RootView.swift in Sources */,
				DF95842506AD8D09D574C852 /* ScreenshotInput.swift in Sources */,
				DBD8AF607BA84A890AF39630 /* SeamView.swift in Sources */,
				AF054A392856398669F9D6A8 /* SettingsView.swift in Sources */,
				16715747B756ECE431C6EE47 /* ShareSheet.swift in Sources */,
				6BF70E5562570C4E6E7DBE36 /* SharedInbox.swift in Sources */,
				739569B4284136846BB413CC /* SpeechService.swift in Sources */,
				FBBB1A31888C19F4C4813782 /* StageView.swift in Sources */,
				7E087C8535EE52EBE9A18407 /* SupabaseService.swift in Sources */,
				38DDF1A9ED543B3CA100656C /* Surface.swift in Sources */,
				280A0A643A5DA74CEEF56B8A /* SurfaceTypes.swift in Sources */,
				AE051DB20B16AF9254746BB6 /* Theme.swift in Sources */,
				E0BB9C54CCC9CD536511E5BF /* WebSurface.swift in Sources */,
			);
			runOnlyForDeploymentPostprocessing = 0;
		};
		5EB8C680E3AC2B9D5587F271 /* Sources */ = {
			isa = PBXSourcesBuildPhase;
			buildActionMask = 2147483647;
			files = (
				DC9D628059F8FF98CDC5981F /* AppConfig.swift in Sources */,
				F27DCAF139D7BE08C840FC53 /* ArtifactText.swift in Sources */,
				B30460E3B8724DFE09302D24 /* FuseCommandFlag.swift in Sources */,
				FF05BBD8CF3E621CA4CB7463 /* FuseEngine.swift in Sources */,
				B5A5FCDA6C5D797BCADA1BD7 /* FuseResult.swift in Sources */,
				F95CD22E788B0AFE40AA14DF /* OpenAIClient.swift in Sources */,
				14688273ABF755C546BA2A46 /* Prompts.swift in Sources */,
				08A413DF1A6F7F00FF9E9654 /* SafariWebExtensionHandler.swift in Sources */,
				86F5C7FA93F689E4AA54721C /* SharedInbox.swift in Sources */,
				A257048B24D9FFE94075CBAC /* SurfaceTypes.swift in Sources */,
			);
			runOnlyForDeploymentPostprocessing = 0;
		};
		E64E5443B7E820702A97D811 /* Sources */ = {
			isa = PBXSourcesBuildPhase;
			buildActionMask = 2147483647;
			files = (
				5B987A8E03CD8F9F04660FBB /* FuseCommandFlag.swift in Sources */,
				7B233F7DBD9C019054036E6A /* ShareViewController.swift in Sources */,
				6AD0E2222D250EAE235210EB /* SharedInbox.swift in Sources */,
				B97DC6EA0C1DA862E4DF8865 /* SurfaceTypes.swift in Sources */,
			);
			runOnlyForDeploymentPostprocessing = 0;
		};
/* End PBXSourcesBuildPhase section */

/* Begin PBXTargetDependency section */
		698593D20ACADFDCD5D3D3A1 /* PBXTargetDependency */ = {
			isa = PBXTargetDependency;
			target = 175207EFC01C659B2705C9EA /* Fuse */;
			targetProxy = BA81B80A25F6407329529D55 /* PBXContainerItemProxy */;
		};
		72A5D57E956B0C6408542995 /* PBXTargetDependency */ = {
			isa = PBXTargetDependency;
			target = C2B7489CAAAFB9E7D71D69E7 /* FuseShare */;
			targetProxy = 022F115E2B5B194654862EF0 /* PBXContainerItemProxy */;
		};
		975ABA8FAB3D1D6390D1F748 /* PBXTargetDependency */ = {
			isa = PBXTargetDependency;
			target = 1B4DA76A39C2A27022543E40 /* FuseSafari */;
			targetProxy = B3059CCB0AE4A2075253DFF0 /* PBXContainerItemProxy */;
		};
		BD12D331AF3C179CB9B90710 /* PBXTargetDependency */ = {
			isa = PBXTargetDependency;
			target = CB1AC8F89FE4E32E664B1235 /* FuseControls */;
			targetProxy = BEDDDBEAD637287C3D43F26A /* PBXContainerItemProxy */;
		};
/* End PBXTargetDependency section */

/* Begin XCBuildConfiguration section */
		085CDE45029DD6385318FE41 /* Release */ = {
			isa = XCBuildConfiguration;
			buildSettings = {
				ALWAYS_SEARCH_USER_PATHS = NO;
				CLANG_ANALYZER_NONNULL = YES;
				CLANG_ANALYZER_NUMBER_OBJECT_CONVERSION = YES_AGGRESSIVE;
				CLANG_CXX_LANGUAGE_STANDARD = "gnu++14";
				CLANG_CXX_LIBRARY = "libc++";
				CLANG_ENABLE_MODULES = YES;
				CLANG_ENABLE_OBJC_ARC = YES;
				CLANG_ENABLE_OBJC_WEAK = YES;
				CLANG_WARN_BLOCK_CAPTURE_AUTORELEASING = YES;
				CLANG_WARN_BOOL_CONVERSION = YES;
				CLANG_WARN_COMMA = YES;
				CLANG_WARN_CONSTANT_CONVERSION = YES;
				CLANG_WARN_DEPRECATED_OBJC_IMPLEMENTATIONS = YES;
				CLANG_WARN_DIRECT_OBJC_ISA_USAGE = YES_ERROR;
				CLANG_WARN_DOCUMENTATION_COMMENTS = YES;
				CLANG_WARN_EMPTY_BODY = YES;
				CLANG_WARN_ENUM_CONVERSION = YES;
				CLANG_WARN_INFINITE_RECURSION = YES;
				CLANG_WARN_INT_CONVERSION = YES;
				CLANG_WARN_NON_LITERAL_NULL_CONVERSION = YES;
				CLANG_WARN_OBJC_IMPLICIT_RETAIN_SELF = YES;
				CLANG_WARN_OBJC_LITERAL_CONVERSION = YES;
				CLANG_WARN_OBJC_ROOT_CLASS = YES_ERROR;
				CLANG_WARN_QUOTED_INCLUDE_IN_FRAMEWORK_HEADER = YES;
				CLANG_WARN_RANGE_LOOP_ANALYSIS = YES;
				CLANG_WARN_STRICT_PROTOTYPES = YES;
				CLANG_WARN_SUSPICIOUS_MOVE = YES;
				CLANG_WARN_UNGUARDED_AVAILABILITY = YES_AGGRESSIVE;
				CLANG_WARN_UNREACHABLE_CODE = YES;
				CLANG_WARN__DUPLICATE_METHOD_MATCH = YES;
				CODE_SIGN_STYLE = Automatic;
				COPY_PHASE_STRIP = NO;
				CURRENT_PROJECT_VERSION = 1;
				DEBUG_INFORMATION_FORMAT = "dwarf-with-dsym";
				ENABLE_NS_ASSERTIONS = NO;
				ENABLE_STRICT_OBJC_MSGSEND = YES;
				ENABLE_USER_SCRIPT_SANDBOXING = NO;
				GCC_C_LANGUAGE_STANDARD = gnu11;
				GCC_NO_COMMON_BLOCKS = YES;
				GCC_WARN_64_TO_32_BIT_CONVERSION = YES;
				GCC_WARN_ABOUT_RETURN_TYPE = YES_ERROR;
				GCC_WARN_UNDECLARED_SELECTOR = YES;
				GCC_WARN_UNINITIALIZED_AUTOS = YES_AGGRESSIVE;
				GCC_WARN_UNUSED_FUNCTION = YES;
				GCC_WARN_UNUSED_VARIABLE = YES;
				IPHONEOS_DEPLOYMENT_TARGET = 27.1;
				MARKETING_VERSION = 1.0;
				MTL_ENABLE_DEBUG_INFO = NO;
				MTL_FAST_MATH = YES;
				PRODUCT_NAME = "$(TARGET_NAME)";
				SDKROOT = iphoneos;
				SWIFT_COMPILATION_MODE = wholemodule;
				SWIFT_EMIT_LOC_STRINGS = YES;
				SWIFT_OPTIMIZATION_LEVEL = "-O";
				SWIFT_STRICT_CONCURRENCY = minimal;
				SWIFT_VERSION = 5.0;
				TARGETED_DEVICE_FAMILY = "1,2";
			};
			name = Release;
		};
		17DB66FF4EBC54398EC321A3 /* Release */ = {
			isa = XCBuildConfiguration;
			buildSettings = {
				CODE_SIGN_ENTITLEMENTS = FuseSafari/FuseSafari.entitlements;
				GENERATE_INFOPLIST_FILE = NO;
				INFOPLIST_FILE = FuseSafari/Info.plist;
				LD_RUNPATH_SEARCH_PATHS = (
					"$(inherited)",
					"@executable_path/Frameworks",
					"@executable_path/../../Frameworks",
				);
				PRODUCT_BUNDLE_IDENTIFIER = com.ojasvamishra.fuse.safari;
				SDKROOT = iphoneos;
				SKIP_INSTALL = YES;
				TARGETED_DEVICE_FAMILY = "1,2";
			};
			name = Release;
		};
		1E120A33912EF3267AC20935 /* Debug */ = {
			isa = XCBuildConfiguration;
			buildSettings = {
				BUNDLE_LOADER = "$(TEST_HOST)";
				GENERATE_INFOPLIST_FILE = YES;
				LD_RUNPATH_SEARCH_PATHS = (
					"$(inherited)",
					"@executable_path/Frameworks",
					"@loader_path/Frameworks",
				);
				PRODUCT_BUNDLE_IDENTIFIER = com.ojasvamishra.fuse.tests;
				SDKROOT = iphoneos;
				TARGETED_DEVICE_FAMILY = "1,2";
				TEST_HOST = "$(BUILT_PRODUCTS_DIR)/Fuse.app/Fuse";
			};
			name = Debug;
		};
		33E2229D02C0CC2A03C5A177 /* Release */ = {
			isa = XCBuildConfiguration;
			baseConfigurationReference = C492510AA51622F8C19BA216 /* Fuse.xcconfig */;
			buildSettings = {
				ASSETCATALOG_COMPILER_APPICON_NAME = AppIcon;
				ASSETCATALOG_COMPILER_GLOBAL_ACCENT_COLOR_NAME = AccentColor;
				CODE_SIGN_ENTITLEMENTS = Fuse/Fuse.entitlements;
				CODE_SIGN_IDENTITY = "iPhone Developer";
				INFOPLIST_FILE = Fuse/Info.plist;
				INFOPLIST_KEY_UIApplicationSupportsIndirectInputEvents = YES;
				LD_RUNPATH_SEARCH_PATHS = (
					"$(inherited)",
					"@executable_path/Frameworks",
				);
				PRODUCT_BUNDLE_IDENTIFIER = com.ojasvamishra.fuse;
				SDKROOT = iphoneos;
				SWIFT_OBJC_BRIDGING_HEADER = "";
				TARGETED_DEVICE_FAMILY = "1,2";
			};
			name = Release;
		};
		3E2373086A4815EDCA927494 /* Debug */ = {
			isa = XCBuildConfiguration;
			buildSettings = {
				CODE_SIGN_ENTITLEMENTS = FuseControls/FuseControls.entitlements;
				GENERATE_INFOPLIST_FILE = NO;
				INFOPLIST_FILE = FuseControls/Info.plist;
				LD_RUNPATH_SEARCH_PATHS = (
					"$(inherited)",
					"@executable_path/Frameworks",
					"@executable_path/../../Frameworks",
				);
				PRODUCT_BUNDLE_IDENTIFIER = com.ojasvamishra.fuse.controls;
				SDKROOT = iphoneos;
				SKIP_INSTALL = YES;
				TARGETED_DEVICE_FAMILY = "1,2";
			};
			name = Debug;
		};
		5F913B2944580293FF0FB497 /* Debug */ = {
			isa = XCBuildConfiguration;
			buildSettings = {
				CODE_SIGN_ENTITLEMENTS = FuseSafari/FuseSafari.entitlements;
				GENERATE_INFOPLIST_FILE = NO;
				INFOPLIST_FILE = FuseSafari/Info.plist;
				LD_RUNPATH_SEARCH_PATHS = (
					"$(inherited)",
					"@executable_path/Frameworks",
					"@executable_path/../../Frameworks",
				);
				PRODUCT_BUNDLE_IDENTIFIER = com.ojasvamishra.fuse.safari;
				SDKROOT = iphoneos;
				SKIP_INSTALL = YES;
				TARGETED_DEVICE_FAMILY = "1,2";
			};
			name = Debug;
		};
		6FEF0A9F35F8FF4CCDEDB037 /* Release */ = {
			isa = XCBuildConfiguration;
			buildSettings = {
				CODE_SIGN_ENTITLEMENTS = FuseControls/FuseControls.entitlements;
				GENERATE_INFOPLIST_FILE = NO;
				INFOPLIST_FILE = FuseControls/Info.plist;
				LD_RUNPATH_SEARCH_PATHS = (
					"$(inherited)",
					"@executable_path/Frameworks",
					"@executable_path/../../Frameworks",
				);
				PRODUCT_BUNDLE_IDENTIFIER = com.ojasvamishra.fuse.controls;
				SDKROOT = iphoneos;
				SKIP_INSTALL = YES;
				TARGETED_DEVICE_FAMILY = "1,2";
			};
			name = Release;
		};
		71EE07ADC5A6A71E24C7C69A /* Release */ = {
			isa = XCBuildConfiguration;
			buildSettings = {
				CODE_SIGN_ENTITLEMENTS = FuseShare/FuseShare.entitlements;
				GENERATE_INFOPLIST_FILE = NO;
				INFOPLIST_FILE = FuseShare/Info.plist;
				LD_RUNPATH_SEARCH_PATHS = (
					"$(inherited)",
					"@executable_path/Frameworks",
					"@executable_path/../../Frameworks",
				);
				PRODUCT_BUNDLE_IDENTIFIER = com.ojasvamishra.fuse.share;
				SDKROOT = iphoneos;
				SKIP_INSTALL = YES;
				TARGETED_DEVICE_FAMILY = "1,2";
			};
			name = Release;
		};
		89DC347B9F1E1720773FB50C /* Release */ = {
			isa = XCBuildConfiguration;
			buildSettings = {
				BUNDLE_LOADER = "$(TEST_HOST)";
				GENERATE_INFOPLIST_FILE = YES;
				LD_RUNPATH_SEARCH_PATHS = (
					"$(inherited)",
					"@executable_path/Frameworks",
					"@loader_path/Frameworks",
				);
				PRODUCT_BUNDLE_IDENTIFIER = com.ojasvamishra.fuse.tests;
				SDKROOT = iphoneos;
				TARGETED_DEVICE_FAMILY = "1,2";
				TEST_HOST = "$(BUILT_PRODUCTS_DIR)/Fuse.app/Fuse";
			};
			name = Release;
		};
		CFD7E4F22FCBEF36519A0E21 /* Debug */ = {
			isa = XCBuildConfiguration;
			buildSettings = {
				ALWAYS_SEARCH_USER_PATHS = NO;
				CLANG_ANALYZER_NONNULL = YES;
				CLANG_ANALYZER_NUMBER_OBJECT_CONVERSION = YES_AGGRESSIVE;
				CLANG_CXX_LANGUAGE_STANDARD = "gnu++14";
				CLANG_CXX_LIBRARY = "libc++";
				CLANG_ENABLE_MODULES = YES;
				CLANG_ENABLE_OBJC_ARC = YES;
				CLANG_ENABLE_OBJC_WEAK = YES;
				CLANG_WARN_BLOCK_CAPTURE_AUTORELEASING = YES;
				CLANG_WARN_BOOL_CONVERSION = YES;
				CLANG_WARN_COMMA = YES;
				CLANG_WARN_CONSTANT_CONVERSION = YES;
				CLANG_WARN_DEPRECATED_OBJC_IMPLEMENTATIONS = YES;
				CLANG_WARN_DIRECT_OBJC_ISA_USAGE = YES_ERROR;
				CLANG_WARN_DOCUMENTATION_COMMENTS = YES;
				CLANG_WARN_EMPTY_BODY = YES;
				CLANG_WARN_ENUM_CONVERSION = YES;
				CLANG_WARN_INFINITE_RECURSION = YES;
				CLANG_WARN_INT_CONVERSION = YES;
				CLANG_WARN_NON_LITERAL_NULL_CONVERSION = YES;
				CLANG_WARN_OBJC_IMPLICIT_RETAIN_SELF = YES;
				CLANG_WARN_OBJC_LITERAL_CONVERSION = YES;
				CLANG_WARN_OBJC_ROOT_CLASS = YES_ERROR;
				CLANG_WARN_QUOTED_INCLUDE_IN_FRAMEWORK_HEADER = YES;
				CLANG_WARN_RANGE_LOOP_ANALYSIS = YES;
				CLANG_WARN_STRICT_PROTOTYPES = YES;
				CLANG_WARN_SUSPICIOUS_MOVE = YES;
				CLANG_WARN_UNGUARDED_AVAILABILITY = YES_AGGRESSIVE;
				CLANG_WARN_UNREACHABLE_CODE = YES;
				CLANG_WARN__DUPLICATE_METHOD_MATCH = YES;
				CODE_SIGN_STYLE = Automatic;
				COPY_PHASE_STRIP = NO;
				CURRENT_PROJECT_VERSION = 1;
				DEBUG_INFORMATION_FORMAT = dwarf;
				ENABLE_STRICT_OBJC_MSGSEND = YES;
				ENABLE_TESTABILITY = YES;
				ENABLE_USER_SCRIPT_SANDBOXING = NO;
				GCC_C_LANGUAGE_STANDARD = gnu11;
				GCC_DYNAMIC_NO_PIC = NO;
				GCC_NO_COMMON_BLOCKS = YES;
				GCC_OPTIMIZATION_LEVEL = 0;
				GCC_PREPROCESSOR_DEFINITIONS = (
					"$(inherited)",
					"DEBUG=1",
				);
				GCC_WARN_64_TO_32_BIT_CONVERSION = YES;
				GCC_WARN_ABOUT_RETURN_TYPE = YES_ERROR;
				GCC_WARN_UNDECLARED_SELECTOR = YES;
				GCC_WARN_UNINITIALIZED_AUTOS = YES_AGGRESSIVE;
				GCC_WARN_UNUSED_FUNCTION = YES;
				GCC_WARN_UNUSED_VARIABLE = YES;
				IPHONEOS_DEPLOYMENT_TARGET = 27.1;
				MARKETING_VERSION = 1.0;
				MTL_ENABLE_DEBUG_INFO = INCLUDE_SOURCE;
				MTL_FAST_MATH = YES;
				ONLY_ACTIVE_ARCH = YES;
				PRODUCT_NAME = "$(TARGET_NAME)";
				SDKROOT = iphoneos;
				SWIFT_ACTIVE_COMPILATION_CONDITIONS = DEBUG;
				SWIFT_EMIT_LOC_STRINGS = YES;
				SWIFT_OPTIMIZATION_LEVEL = "-Onone";
				SWIFT_STRICT_CONCURRENCY = minimal;
				SWIFT_VERSION = 5.0;
				TARGETED_DEVICE_FAMILY = "1,2";
			};
			name = Debug;
		};
		DACB327A22A4AFBA92CCDB02 /* Debug */ = {
			isa = XCBuildConfiguration;
			baseConfigurationReference = C492510AA51622F8C19BA216 /* Fuse.xcconfig */;
			buildSettings = {
				ASSETCATALOG_COMPILER_APPICON_NAME = AppIcon;
				ASSETCATALOG_COMPILER_GLOBAL_ACCENT_COLOR_NAME = AccentColor;
				CODE_SIGN_ENTITLEMENTS = Fuse/Fuse.entitlements;
				CODE_SIGN_IDENTITY = "iPhone Developer";
				INFOPLIST_FILE = Fuse/Info.plist;
				INFOPLIST_KEY_UIApplicationSupportsIndirectInputEvents = YES;
				LD_RUNPATH_SEARCH_PATHS = (
					"$(inherited)",
					"@executable_path/Frameworks",
				);
				PRODUCT_BUNDLE_IDENTIFIER = com.ojasvamishra.fuse;
				SDKROOT = iphoneos;
				SWIFT_OBJC_BRIDGING_HEADER = "";
				TARGETED_DEVICE_FAMILY = "1,2";
			};
			name = Debug;
		};
		F6CDD8327C2ADC56085CF893 /* Debug */ = {
			isa = XCBuildConfiguration;
			buildSettings = {
				CODE_SIGN_ENTITLEMENTS = FuseShare/FuseShare.entitlements;
				GENERATE_INFOPLIST_FILE = NO;
				INFOPLIST_FILE = FuseShare/Info.plist;
				LD_RUNPATH_SEARCH_PATHS = (
					"$(inherited)",
					"@executable_path/Frameworks",
					"@executable_path/../../Frameworks",
				);
				PRODUCT_BUNDLE_IDENTIFIER = com.ojasvamishra.fuse.share;
				SDKROOT = iphoneos;
				SKIP_INSTALL = YES;
				TARGETED_DEVICE_FAMILY = "1,2";
			};
			name = Debug;
		};
/* End XCBuildConfiguration section */

/* Begin XCConfigurationList section */
		50E92BE9D81C503F19E767BC /* Build configuration list for PBXProject "Fuse" */ = {
			isa = XCConfigurationList;
			buildConfigurations = (
				CFD7E4F22FCBEF36519A0E21 /* Debug */,
				085CDE45029DD6385318FE41 /* Release */,
			);
			defaultConfigurationIsVisible = 0;
			defaultConfigurationName = Debug;
		};
		6507EA29EDB1E348C6604069 /* Build configuration list for PBXNativeTarget "FuseShare" */ = {
			isa = XCConfigurationList;
			buildConfigurations = (
				F6CDD8327C2ADC56085CF893 /* Debug */,
				71EE07ADC5A6A71E24C7C69A /* Release */,
			);
			defaultConfigurationIsVisible = 0;
			defaultConfigurationName = Debug;
		};
		A5B175D690E3F31E18C3B2CA /* Build configuration list for PBXNativeTarget "FuseTests" */ = {
			isa = XCConfigurationList;
			buildConfigurations = (
				1E120A33912EF3267AC20935 /* Debug */,
				89DC347B9F1E1720773FB50C /* Release */,
			);
			defaultConfigurationIsVisible = 0;
			defaultConfigurationName = Debug;
		};
		E3FA2979BC2E5FF7DF05E629 /* Build configuration list for PBXNativeTarget "FuseSafari" */ = {
			isa = XCConfigurationList;
			buildConfigurations = (
				5F913B2944580293FF0FB497 /* Debug */,
				17DB66FF4EBC54398EC321A3 /* Release */,
			);
			defaultConfigurationIsVisible = 0;
			defaultConfigurationName = Debug;
		};
		EBFC2C8679023E7D0021731E /* Build configuration list for PBXNativeTarget "FuseControls" */ = {
			isa = XCConfigurationList;
			buildConfigurations = (
				3E2373086A4815EDCA927494 /* Debug */,
				6FEF0A9F35F8FF4CCDEDB037 /* Release */,
			);
			defaultConfigurationIsVisible = 0;
			defaultConfigurationName = Debug;
		};
		F8808854FE5E217F91D62264 /* Build configuration list for PBXNativeTarget "Fuse" */ = {
			isa = XCConfigurationList;
			buildConfigurations = (
				DACB327A22A4AFBA92CCDB02 /* Debug */,
				33E2229D02C0CC2A03C5A177 /* Release */,
			);
			defaultConfigurationIsVisible = 0;
			defaultConfigurationName = Debug;
		};
/* End XCConfigurationList section */

/* Begin XCRemoteSwiftPackageReference section */
		AADA8A57111B97A3AA25DCE0 /* XCRemoteSwiftPackageReference "purchases-ios-spm" */ = {
			isa = XCRemoteSwiftPackageReference;
			repositoryURL = "https://github.com/RevenueCat/purchases-ios-spm.git";
			requirement = {
				kind = upToNextMajorVersion;
				minimumVersion = 5.0.0;
			};
		};
		AF1776C202225180F7E627E7 /* XCRemoteSwiftPackageReference "supabase-swift" */ = {
			isa = XCRemoteSwiftPackageReference;
			repositoryURL = "https://github.com/supabase/supabase-swift.git";
			requirement = {
				kind = upToNextMajorVersion;
				minimumVersion = 2.0.0;
			};
		};
/* End XCRemoteSwiftPackageReference section */

/* Begin XCSwiftPackageProductDependency section */
		27DE0E2022DDC06282E30B99 /* RevenueCatUI */ = {
			isa = XCSwiftPackageProductDependency;
			package = AADA8A57111B97A3AA25DCE0 /* XCRemoteSwiftPackageReference "purchases-ios-spm" */;
			productName = RevenueCatUI;
		};
		40152B70284BC7DE91C4B4C2 /* Supabase */ = {
			isa = XCSwiftPackageProductDependency;
			package = AF1776C202225180F7E627E7 /* XCRemoteSwiftPackageReference "supabase-swift" */;
			productName = Supabase;
		};
		4C2ED932B605540B26702181 /* RevenueCat */ = {
			isa = XCSwiftPackageProductDependency;
			package = AADA8A57111B97A3AA25DCE0 /* XCRemoteSwiftPackageReference "purchases-ios-spm" */;
			productName = RevenueCat;
		};
/* End XCSwiftPackageProductDependency section */
	};
	rootObject = 310C9702C9EF4A48B39D4AE4 /* Project object */;
}
